
Microsoft Visual Studio Solution File, Format Version 12.00
# Visual Studio Version 16
VisualStudioVersion = 16.0.29709.97
MinimumVisualStudioVersion = 10.0.40219.1
Project("{FAE04EC0-301F-11D3-BF4B-00C04F79EFBC}") = "ConsoleAppBuenasPracticasEjercicio1", "ConsoleAppBuenasPracticasEjercicio1.csproj", "{EC788770-7E4C-435E-8852-EDD094D166DD}"
EndProject
Global
	GlobalSection(SolutionConfigurationPlatforms) = preSolution
		Debug|Any CPU = Debug|Any CPU
		Release|Any CPU = Release|Any CPU
	EndGlobalSection
	GlobalSection(ProjectConfigurationPlatforms) = postSolution
		{EC788770-7E4C-435E-8852-EDD094D166DD}.Debug|Any CPU.ActiveCfg = Debug|Any CPU
		{EC788770-7E4C-435E-8852-EDD094D166DD}.Debug|Any CPU.Build.0 = Debug|Any CPU
		{EC788770-7E4C-435E-8852-EDD094D166DD}.Release|Any CPU.ActiveCfg = Release|Any CPU
		{EC788770-7E4C-435E-8852-EDD094D166DD}.Release|Any CPU.Build.0 = Release|Any CPU
	EndGlobalSection
	GlobalSection(SolutionProperties) = preSolution
		HideSolutionNode = FALSE
	EndGlobalSection
	GlobalSection(ExtensibilityGlobals) = postSolution
		SolutionGuid = {995EB510-DE04-4645-B11F-AD3ABC78863A}
	EndGlobalSection
EndGlobal
